// !$*UTF8*$!
{
	archiveVersion = 1;
	classes = {
	};
	objectVersion = 46;
	objects = {

/* Begin PBXBuildFile section */
		48478A951D2F34FA005FC6EA /* main.m in Sources */ = {isa = PBXBuildFile; fileRef = 48478A941D2F34FA005FC6EA /* main.m */; };
		48478A981D2F34FA005FC6EA /* AppDelegate.m in Sources */ = {isa = PBXBuildFile; fileRef = 48478A971D2F34FA005FC6EA /* AppDelegate.m */; };
		48478A9B1D2F34FA005FC6EA /* ViewController.m in Sources */ = {isa = PBXBuildFile; fileRef = 48478A9A1D2F34FA005FC6EA /* ViewController.m */; };
		48478A9E1D2F34FA005FC6EA /* Main.storyboard in Resources */ = {isa = PBXBuildFile; fileRef = 48478A9C1D2F34FA005FC6EA /* Main.storyboard */; };
		48478AA01D2F34FA005FC6EA /* Assets.xcassets in Resources */ = {isa = PBXBuildFile; fileRef = 48478A9F1D2F34FA005FC6EA /* Assets.xcassets */; };
		48478AA31D2F34FA005FC6EA /* LaunchScreen.storyboard in Resources */ = {isa = PBXBuildFile; fileRef = 48478AA11D2F34FA005FC6EA /* LaunchScreen.storyboard */; };
		48478AAB1D2F363B005FC6EA /* 3.png in Resources */ = {isa = PBXBuildFile; fileRef = 48478AAA1D2F363B005FC6EA /* 3.png */; };
		48478AAE1D2F38EA005FC6EA /* SharonModel.m in Sources */ = {isa = PBXBuildFile; fileRef = 48478AAD1D2F38EA005FC6EA /* SharonModel.m */; };
		48478AB21D2F3AB4005FC6EA /* SharonViewCell.m in Sources */ = {isa = PBXBuildFile; fileRef = 48478AB01D2F3AB4005FC6EA /* SharonViewCell.m */; };
		48478AB31D2F3AB4005FC6EA /* SharonViewCell.xib in Resources */ = {isa = PBXBuildFile; fileRef = 48478AB11D2F3AB4005FC6EA /* SharonViewCell.xib */; };
/* End PBXBuildFile section */

/* Begin PBXFileReference section */
		48478A901D2F34FA005FC6EA /* TestDemo.app */ = {isa = PBXFileReference; explicitFileType = wrapper.application; includeInIndex = 0; path = TestDemo.app; sourceTree = BUILT_PRODUCTS_DIR; };
		48478A941D2F34FA005FC6EA /* main.m */ = {isa = PBXFileReference; lastKnownFileType = sourcecode.c.objc; path = main.m; sourceTree = "<group>"; };
		48478A961D2F34FA005FC6EA /* AppDelegate.h */ = {isa = PBXFileReference; lastKnownFileType = sourcecode.c.h; path = AppDelegate.h; sourceTree = "<group>"; };
		48478A971D2F34FA005FC6EA /* AppDelegate.m */ = {isa = PBXFileReference; lastKnownFileType = sourcecode.c.objc; path = AppDelegate.m; sourceTree = "<group>"; };
		48478A991D2F34FA005FC6EA /* ViewController.h */ = {isa = PBXFileReference; lastKnownFileType = sourcecode.c.h; path = ViewController.h; sourceTree = "<group>"; };
		48478A9A1D2F34FA005FC6EA /* ViewController.m */ = {isa = PBXFileReference; lastKnownFileType = sourcecode.c.objc; path = ViewController.m; sourceTree = "<group>"; };
		48478A9D1D2F34FA005FC6EA /* Base */ = {isa = PBXFileReference; lastKnownFileType = file.storyboard; name = Base; path = Base.lproj/Main.storyboard; sourceTree = "<group>"; };
		48478A9F1D2F34FA005FC6EA /* Assets.xcassets */ = {isa = PBXFileReference; lastKnownFileType = folder.assetcatalog; path = Assets.xcassets; sourceTree = "<group>"; };
		48478AA21D2F34FA005FC6EA /* Base */ = {isa = PBXFileReference; lastKnownFileType = file.storyboard; name = Base; path = Base.lproj/LaunchScreen.storyboard; sourceTree = "<group>"; };
		48478AA41D2F34FA005FC6EA /* Info.plist */ = {isa = PBXFileReference; lastKnownFileType = text.plist.xml; path = Info.plist; sourceTree = "<group>"; };
		48478AAA1D2F363B005FC6EA /* 3.png */ = {isa = PBXFileReference; lastKnownFileType = image.png; path = 3.png; sourceTree = "<group>"; };
		48478AAC1D2F38EA005FC6EA /* SharonModel.h */ = {isa = PBXFileReference; fileEncoding = 4; lastKnownFileType = sourcecode.c.h; path = SharonModel.h; sourceTree = "<group>"; };
		48478AAD1D2F38EA005FC6EA /* SharonModel.m */ = {isa = PBXFileReference; fileEncoding = 4; lastKnownFileType = sourcecode.c.objc; path = SharonModel.m; sourceTree = "<group>"; };
		48478AAF1D2F3AB4005FC6EA /* SharonViewCell.h */ = {isa = PBXFileReference; fileEncoding = 4; lastKnownFileType = sourcecode.c.h; path = SharonViewCell.h; sourceTree = "<group>"; };
		48478AB01D2F3AB4005FC6EA /* SharonViewCell.m */ = {isa = PBXFileReference; fileEncoding = 4; lastKnownFileType = sourcecode.c.objc; path = SharonViewCell.m; sourceTree = "<group>"; };
		48478AB11D2F3AB4005FC6EA /* SharonViewCell.xib */ = {isa = PBXFileReference; fileEncoding = 4; lastKnownFileType = file.xib; path = SharonViewCell.xib; sourceTree = "<group>"; };
/* End PBXFileReference section */

/* Begin PBXFrameworksBuildPhase section */
		48478A8D1D2F34FA005FC6EA /* Frameworks */ = {
			isa = PBXFrameworksBuildPhase;
			buildActionMask = 2147483647;
			files = (
			);
			runOnlyForDeploymentPostprocessing = 0;
		};
/* End PBXFrameworksBuildPhase section */

/* Begin PBXGroup section */
		48478A871D2F34FA005FC6EA = {
			isa = PBXGroup;
			children = (
				48478A921D2F34FA005FC6EA /* TestDemo */,
				48478A911D2F34FA005FC6EA /* Products */,
			);
			sourceTree = "<group>";
		};
		48478A911D2F34FA005FC6EA /* Products */ = {
			isa = PBXGroup;
			children = (
				48478A901D2F34FA005FC6EA /* TestDemo.app */,
			);
			name = Products;
			sourceTree = "<group>";
		};
		48478A921D2F34FA005FC6EA /* TestDemo */ = {
			isa = PBXGroup;
			children = (
				48478A961D2F34FA005FC6EA /* AppDelegate.h */,
				48478A971D2F34FA005FC6EA /* AppDelegate.m */,
				48478A991D2F34FA005FC6EA /* ViewController.h */,
				48478A9A1D2F34FA005FC6EA /* ViewController.m */,
				C93EE25A211452B5003D1660 /* View */,
				48478AB11D2F3AB4005FC6EA /* SharonViewCell.xib */,
				48478AAA1D2F363B005FC6EA /* 3.png */,
				48478A9C1D2F34FA005FC6EA /* Main.storyboard */,
				48478A9F1D2F34FA005FC6EA /* Assets.xcassets */,
				48478AA11D2F34FA005FC6EA /* LaunchScreen.storyboard */,
				48478AA41D2F34FA005FC6EA /* Info.plist */,
				48478A931D2F34FA005FC6EA /* Supporting Files */,
			);
			path = TestDemo;
			sourceTree = "<group>";
		};
		48478A931D2F34FA005FC6EA /* Supporting Files */ = {
			isa = PBXGroup;
			children = (
				48478A941D2F34FA005FC6EA /* main.m */,
			);
			name = "Supporting Files";
			sourceTree = "<group>";
		};
		C93EE25A211452B5003D1660 /* View */ = {
			isa = PBXGroup;
			children = (
				48478AAC1D2F38EA005FC6EA /* SharonModel.h */,
				48478AAD1D2F38EA005FC6EA /* SharonModel.m */,
				48478AAF1D2F3AB4005FC6EA /* SharonViewCell.h */,
				48478AB01D2F3AB4005FC6EA /* SharonViewCell.m */,
			);
			path = View;
			sourceTree = "<group>";
		};
/* End PBXGroup section */

/* Begin PBXNativeTarget section */
		48478A8F1D2F34FA005FC6EA /* TestDemo */ = {
			isa = PBXNativeTarget;
			buildConfigurationList = 48478AA71D2F34FA005FC6EA /* Build configuration list for PBXNativeTarget "TestDemo" */;
			buildPhases = (
				48478A8C1D2F34FA005FC6EA /* Sources */,
				48478A8D1D2F34FA005FC6EA /* Frameworks */,
				48478A8E1D2F34FA005FC6EA /* Resources */,
			);
			buildRules = (
			);
			dependencies = (
			);
			name = TestDemo;
			productName = TestDemo;
			productReference = 48478A901D2F34FA005FC6EA /* TestDemo.app */;
			productType = "com.apple.product-type.application";
		};
/* End PBXNativeTarget section */

/* Begin PBXProject section */
		48478A881D2F34FA005FC6EA /* Project object */ = {
			isa = PBXProject;
			attributes = {
				LastUpgradeCheck = 0710;
				ORGANIZATIONNAME = bocai;
				TargetAttributes = {
					48478A8F1D2F34FA005FC6EA = {
						CreatedOnToolsVersion = 7.1;
					};
				};
			};
			buildConfigurationList = 48478A8B1D2F34FA005FC6EA /* Build configuration list for PBXProject "TestDemo" */;
			compatibilityVersion = "Xcode 3.2";
			developmentRegion = English;
			hasScannedForEncodings = 0;
			knownRegions = (
				en,
				Base,
			);
			mainGroup = 48478A871D2F34FA005FC6EA;
			productRefGroup = 48478A911D2F34FA005FC6EA /* Products */;
			projectDirPath = "";
			projectRoot = "";
			targets = (
				48478A8F1D2F34FA005FC6EA /* TestDemo */,
			);
		};
/* End PBXProject section */

/* Begin PBXResourcesBuildPhase section */
		48478A8E1D2F34FA005FC6EA /* Resources */ = {
			isa = PBXResourcesBuildPhase;
			buildActionMask = 2147483647;
			files = (
				48478AA31D2F34FA005FC6EA /* LaunchScreen.storyboard in Resources */,
				48478AB31D2F3AB4005FC6EA /* SharonViewCell.xib in Resources */,
				48478AA01D2F34FA005FC6EA /* Assets.xcassets in Resources */,
				48478A9E1D2F34FA005FC6EA /* Main.storyboard in Resources */,
				48478AAB1D2F363B005FC6EA /* 3.png in Resources */,
			);
			runOnlyForDeploymentPostprocessing = 0;
		};
/* End PBXResourcesBuildPhase section */

/* Begin PBXSourcesBuildPhase section */
		48478A8C1D2F34FA005FC6EA /* Sources */ = {
			isa = PBXSourcesBuildPhase;
			buildActionMask = 2147483647;
			files = (
				48478AB21D2F3AB4005FC6EA /* SharonViewCell.m in Sources */,
				48478AAE1D2F38EA005FC6EA /* SharonModel.m in Sources */,
				48478A9B1D2F34FA005FC6EA /* ViewController.m in Sources */,
				48478A981D2F34FA005FC6EA /* AppDelegate.m in Sources */,
				48478A951D2F34FA005FC6EA /* main.m in Sources */,
			);
			runOnlyForDeploymentPostprocessing = 0;
		};
/* End PBXSourcesBuildPhase section */

/* Begin PBXVariantGroup section */
		48478A9C1D2F34FA005FC6EA /* Main.storyboard */ = {
			isa = PBXVariantGroup;
			children = (
				48478A9D1D2F34FA005FC6EA /* Base */,
			);
			name = Main.storyboard;
			sourceTree = "<group>";
		};
		48478AA11D2F34FA005FC6EA /* LaunchScreen.storyboard */ = {
			isa = PBXVariantGroup;
			children = (
				48478AA21D2F34FA005FC6EA /* Base */,
			);
			name = LaunchScreen.storyboard;
			sourceTree = "<group>";
		};
/* End PBXVariantGroup section */

/* Begin XCBuildConfiguration section */
		48478AA51D2F34FA005FC6EA /* Debug */ = {
			isa = XCBuildConfiguration;
			buildSettings = {
				ALWAYS_SEARCH_USER_PATHS = NO;
				CLANG_CXX_LANGUAGE_STANDARD = "gnu++0x";
				CLANG_CXX_LIBRARY = "libc++";
				CLANG_ENABLE_MODULES = YES;
				CLANG_ENABLE_OBJC_ARC = YES;
				CLANG_WARN_BOOL_CONVERSION = YES;
				CLANG_WARN_CONSTANT_CONVERSION = YES;
				CLANG_WARN_DIRECT_OBJC_ISA_USAGE = YES_ERROR;
				CLANG_WARN_EMPTY_BODY = YES;
				CLANG_WARN_ENUM_CONVERSION = YES;
				CLANG_WARN_INT_CONVERSION = YES;
				CLANG_WARN_OBJC_ROOT_CLASS = YES_ERROR;
				CLANG_WARN_UNREACHABLE_CODE = YES;
				CLANG_WARN__DUPLICATE_METHOD_MATCH = YES;
				"CODE_SIGN_IDENTITY[sdk=iphoneos*]" = "iPhone Developer";
				COPY_PHASE_STRIP = NO;
				DEBUG_INFORMATION_FORMAT = dwarf;
				ENABLE_STRICT_OBJC_MSGSEND = YES;
				ENABLE_TESTABILITY = YES;
				GCC_C_LANGUAGE_STANDARD = gnu99;
				GCC_DYNAMIC_NO_PIC = NO;
				GCC_NO_COMMON_BLOCKS = YES;
				GCC_OPTIMIZATION_LEVEL = 0;
				GCC_PREPROCESSOR_DEFINITIONS = (
					"DEBUG=1",
					"$(inherited)",
				);
				GCC_WARN_64_TO_32_BIT_CONVERSION = YES;
				GCC_WARN_ABOUT_RETURN_TYPE = YES_ERROR;
				GCC_WARN_UNDECLARED_SELECTOR = YES;
				GCC_WARN_UNINITIALIZED_AUTOS = YES_AGGRESSIVE;
				GCC_WARN_UNUSED_FUNCTION = YES;
				GCC_WARN_UNUSED_VARIABLE = YES;
				IPHONEOS_DEPLOYMENT_TARGET = 9.1;
				MTL_ENABLE_DEBUG_INFO = YES;
				ONLY_ACTIVE_ARCH = YES;
				SDKROOT = iphoneos;
			};
			name = Debug;
		};
		48478AA61D2F34FA005FC6EA /* Release */ = {
			isa = XCBuildConfiguration;
			buildSettings = {
				ALWAYS_SEARCH_USER_PATHS = NO;
				CLANG_CXX_LANGUAGE_STANDARD = "gnu++0x";
				CLANG_CXX_LIBRARY = "libc++";
				CLANG_ENABLE_MODULES = YES;
				CLANG_ENABLE_OBJC_ARC = YES;
				CLANG_WARN_BOOL_CONVERSION = YES;
				CLANG_WARN_CONSTANT_CONVERSION = YES;
				CLANG_WARN_DIRECT_OBJC_ISA_USAGE = YES_ERROR;
				CLANG_WARN_EMPTY_BODY = YES;
				CLANG_WARN_ENUM_CONVERSION = YES;
				CLANG_WARN_INT_CONVERSION = YES;
				CLANG_WARN_OBJC_ROOT_CLASS = YES_ERROR;
				CLANG_WARN_UNREACHABLE_CODE = YES;
				CLANG_WARN__DUPLICATE_METHOD_MATCH = YES;
				"CODE_SIGN_IDENTITY[sdk=iphoneos*]" = "iPhone Developer";
				COPY_PHASE_STRIP = NO;
				DEBUG_INFORMATION_FORMAT = "dwarf-with-dsym";
				ENABLE_NS_ASSERTIONS = NO;
				ENABLE_STRICT_OBJC_MSGSEND = YES;
				GCC_C_LANGUAGE_STANDARD = gnu99;
				GCC_NO_COMMON_BLOCKS = YES;
				GCC_WARN_64_TO_32_BIT_CONVERSION = YES;
				GCC_WARN_ABOUT_RETURN_TYPE = YES_ERROR;
				GCC_WARN_UNDECLARED_SELECTOR = YES;
				GCC_WARN_UNINITIALIZED_AUTOS = YES_AGGRESSIVE;
				GCC_WARN_UNUSED_FUNCTION = YES;
				GCC_WARN_UNUSED_VARIABLE = YES;
				IPHONEOS_DEPLOYMENT_TARGET = 9.1;
				MTL_ENABLE_DEBUG_INFO = NO;
				SDKROOT = iphoneos;
				VALIDATE_PRODUCT = YES;
			};
			name = Release;
		};
		48478AA81D2F34FA005FC6EA /* Debug */ = {
			isa = XCBuildConfiguration;
			buildSettings = {
				ASSETCATALOG_COMPILER_APPICON_NAME = AppIcon;
				INFOPLIST_FILE = TestDemo/Info.plist;
				LD_RUNPATH_SEARCH_PATHS = "$(inherited) @executable_path/Frameworks";
				PRODUCT_BUNDLE_IDENTIFIER = com.myText.TestDemo;
				PRODUCT_NAME = "$(TARGET_NAME)";
			};
			name = Debug;
		};
		48478AA91D2F34FA005FC6EA /* Release */ = {
			isa = XCBuildConfiguration;
			buildSettings = {
				ASSETCATALOG_COMPILER_APPICON_NAME = AppIcon;
				INFOPLIST_FILE = TestDemo/Info.plist;
				LD_RUNPATH_SEARCH_PATHS = "$(inherited) @executable_path/Frameworks";
				PRODUCT_BUNDLE_IDENTIFIER = com.myText.TestDemo;
				PRODUCT_NAME = "$(TARGET_NAME)";
			};
			name = Release;
		};
/* End XCBuildConfiguration section */

/* Begin XCConfigurationList section */
		48478A8B1D2F34FA005FC6EA /* Build configuration list for PBXProject "TestDemo" */ = {
			isa = XCConfigurationList;
			buildConfigurations = (
				48478AA51D2F34FA005FC6EA /* Debug */,
				48478AA61D2F34FA005FC6EA /* Release */,
			);
			defaultConfigurationIsVisible = 0;
			defaultConfigurationName = Release;
		};
		48478AA71D2F34FA005FC6EA /* Build configuration list for PBXNativeTarget "TestDemo" */ = {
			isa = XCConfigurationList;
			buildConfigurations = (
				48478AA81D2F34FA005FC6EA /* Debug */,
				48478AA91D2F34FA005FC6EA /* Release */,
			);
			defaultConfigurationIsVisible = 0;
			defaultConfigurationName = Release;
		};
/* End XCConfigurationList section */
	};
	rootObject = 48478A881D2F34FA005FC6EA /* Project object */;
}
